
Microsoft Visual Studio Solution File, Format Version 12.00
# Visual Studio Version 17
VisualStudioVersion = 17.5.33516.290
MinimumVisualStudioVersion = 10.0.40219.1
Project("{FAE04EC0-301F-11D3-BF4B-00C04F79EFBC}") = "Luval.GPT.Agent", "Luval.GPT.Agent.csproj", "{3657B438-9F36-48BF-BD54-5277CB2CA0ED}"
EndProject
Project("{9A19103F-16F7-4668-BE54-9A1E7A4F7556}") = "Luval.OpenAI", "..\..\..\Luval.OpenAI\code\Luval.OpenAI\Luval.OpenAI.csproj", "{3E937EDE-4DBE-4049-8B86-1B021EF82E16}"
EndProject
Project("{FAE04EC0-301F-11D3-BF4B-00C04F79EFBC}") = "Luval.GPT.Agent.Core", "..\Luval.GPT.Agent.Core\Luval.GPT.Agent.Core.csproj", "{14D09091-AABF-467C-B9DD-880463A37764}"
EndProject
Global
	GlobalSection(SolutionConfigurationPlatforms) = preSolution
		Debug|Any CPU = Debug|Any CPU
		Release|Any CPU = Release|Any CPU
	EndGlobalSection
	GlobalSection(ProjectConfigurationPlatforms) = postSolution
		{3657B438-9F36-48BF-BD54-5277CB2CA0ED}.Debug|Any CPU.ActiveCfg = Debug|Any CPU
		{3657B438-9F36-48BF-BD54-5277CB2CA0ED}.Debug|Any CPU.Build.0 = Debug|Any CPU
		{3657B438-9F36-48BF-BD54-5277CB2CA0ED}.Release|Any CPU.ActiveCfg = Release|Any CPU
		{3657B438-9F36-48BF-BD54-5277CB2CA0ED}.Release|Any CPU.Build.0 = Release|Any CPU
		{3E937EDE-4DBE-4049-8B86-1B021EF82E16}.Debug|Any CPU.ActiveCfg = Debug|Any CPU
		{3E937EDE-4DBE-4049-8B86-1B021EF82E16}.Debug|Any CPU.Build.0 = Debug|Any CPU
		{3E937EDE-4DBE-4049-8B86-1B021EF82E16}.Release|Any CPU.ActiveCfg = Release|Any CPU
		{3E937EDE-4DBE-4049-8B86-1B021EF82E16}.Release|Any CPU.Build.0 = Release|Any CPU
		{14D09091-AABF-467C-B9DD-880463A37764}.Debug|Any CPU.ActiveCfg = Debug|Any CPU
		{14D09091-AABF-467C-B9DD-880463A37764}.Debug|Any CPU.Build.0 = Debug|Any CPU
		{14D09091-AABF-467C-B9DD-880463A37764}.Release|Any CPU.ActiveCfg = Release|Any CPU
		{14D09091-AABF-467C-B9DD-880463A37764}.Release|Any CPU.Build.0 = Release|Any CPU
	EndGlobalSection
	GlobalSection(SolutionProperties) = preSolution
		HideSolutionNode = FALSE
	EndGlobalSection
	GlobalSection(ExtensibilityGlobals) = postSolution
		SolutionGuid = {83BCEA9D-E02F-4577-B01F-20812E463783}
	EndGlobalSection
EndGlobal
